// !$*UTF8*$!
{
	archiveVersion = 1;
	classes = {
	};
	objectVersion = 50;
	objects = {

/* Begin PBXBuildFile section */
		3C3A4DA323C3652500E493D7 /* AppDelegate.swift in Sources */ = {isa = PBXBuildFile; fileRef = 3C3A4DA223C3652500E493D7 /* AppDelegate.swift */; };
		3C3A4DA523C3652500E493D7 /* ViewController.swift in Sources */ = {isa = PBXBuildFile; fileRef = 3C3A4DA423C3652500E493D7 /* ViewController.swift */; };
		3C3A4DA823C3652500E493D7 /* Main.storyboard in Resources */ = {isa = PBXBuildFile; fileRef = 3C3A4DA623C3652500E493D7 /* Main.storyboard */; };
		3C3A4DAA23C3652700E493D7 /* Assets.xcassets in Resources */ = {isa = PBXBuildFile; fileRef = 3C3A4DA923C3652700E493D7 /* Assets.xcassets */; };
		3C3A4DAD23C3652700E493D7 /* LaunchScreen.storyboard in Resources */ = {isa = PBXBuildFile; fileRef = 3C3A4DAB23C3652700E493D7 /* LaunchScreen.storyboard */; };
		3C3A4DB823C3652700E493D7 /* Form2Tests.swift in Sources */ = {isa = PBXBuildFile; fileRef = 3C3A4DB723C3652700E493D7 /* Form2Tests.swift */; };
		3C3A4DC323C3652700E493D7 /* Form2UITests.swift in Sources */ = {isa = PBXBuildFile; fileRef = 3C3A4DC223C3652700E493D7 /* Form2UITests.swift */; };
/* End PBXBuildFile section */

/* Begin PBXContainerItemProxy section */
		3C3A4DB423C3652700E493D7 /* PBXContainerItemProxy */ = {
			isa = PBXContainerItemProxy;
			containerPortal = 3C3A4D9723C3652500E493D7 /* Project object */;
			proxyType = 1;
			remoteGlobalIDString = 3C3A4D9E23C3652500E493D7;
			remoteInfo = Form2;
		};
		3C3A4DBF23C3652700E493D7 /* PBXContainerItemProxy */ = {
			isa = PBXContainerItemProxy;
			containerPortal = 3C3A4D9723C3652500E493D7 /* Project object */;
			proxyType = 1;
			remoteGlobalIDString = 3C3A4D9E23C3652500E493D7;
			remoteInfo = Form2;
		};
/* End PBXContainerItemProxy section */

/* Begin PBXFileReference section */
		3C3A4D9F23C3652500E493D7 /* Form2.app */ = {isa = PBXFileReference; explicitFileType = wrapper.application; includeInIndex = 0; path = Form2.app; sourceTree = BUILT_PRODUCTS_DIR; };
		3C3A4DA223C3652500E493D7 /* AppDelegate.swift */ = {isa = PBXFileReference; lastKnownFileType = sourcecode.swift; path = AppDelegate.swift; sourceTree = "<group>"; };
		3C3A4DA423C3652500E493D7 /* ViewController.swift */ = {isa = PBXFileReference; lastKnownFileType = sourcecode.swift; path = ViewController.swift; sourceTree = "<group>"; };
		3C3A4DA723C3652500E493D7 /* Base */ = {isa = PBXFileReference; lastKnownFileType = file.storyboard; name = Base; path = Base.lproj/Main.storyboard; sourceTree = "<group>"; };
		3C3A4DA923C3652700E493D7 /* Assets.xcassets */ = {isa = PBXFileReference; lastKnownFileType = folder.assetcatalog; path = Assets.xcassets; sourceTree = "<group>"; };
		3C3A4DAC23C3652700E493D7 /* Base */ = {isa = PBXFileReference; lastKnownFileType = file.storyboard; name = Base; path = Base.lproj/LaunchScreen.storyboard; sourceTree = "<group>"; };
		3C3A4DAE23C3652700E493D7 /* Info.plist */ = {isa = PBXFileReference; lastKnownFileType = text.plist.xml; path = Info.plist; sourceTree = "<group>"; };
		3C3A4DB323C3652700E493D7 /* Form2Tests.xctest */ = {isa = PBXFileReference; explicitFileType = wrapper.cfbundle; includeInIndex = 0; path = Form2Tests.xctest; sourceTree = BUILT_PRODUCTS_DIR; };
		3C3A4DB723C3652700E493D7 /* Form2Tests.swift */ = {isa = PBXFileReference; lastKnownFileType = sourcecode.swift; path = Form2Tests.swift; sourceTree = "<group>"; };
		3C3A4DB923C3652700E493D7 /* Info.plist */ = {isa = PBXFileReference; lastKnownFileType = text.plist.xml; path = Info.plist; sourceTree = "<group>"; };
		3C3A4DBE23C3652700E493D7 /* Form2UITests.xctest */ = {isa = PBXFileReference; explicitFileType = wrapper.cfbundle; includeInIndex = 0; path = Form2UITests.xctest; sourceTree = BUILT_PRODUCTS_DIR; };
		3C3A4DC223C3652700E493D7 /* Form2UITests.swift */ = {isa = PBXFileReference; lastKnownFileType = sourcecode.swift; path = Form2UITests.swift; sourceTree = "<group>"; };
		3C3A4DC423C3652700E493D7 /* Info.plist */ = {isa = PBXFileReference; lastKnownFileType = text.plist.xml; path = Info.plist; sourceTree = "<group>"; };
/* End PBXFileReference section */

/* Begin PBXFrameworksBuildPhase section */
		3C3A4D9C23C3652500E493D7 /* Frameworks */ = {
			isa = PBXFrameworksBuildPhase;
			buildActionMask = 2147483647;
			files = (
			);
			runOnlyForDeploymentPostprocessing = 0;
		};
		3C3A4DB023C3652700E493D7 /* Frameworks */ = {
			isa = PBXFrameworksBuildPhase;
			buildActionMask = 2147483647;
			files = (
			);
			runOnlyForDeploymentPostprocessing = 0;
		};
		3C3A4DBB23C3652700E493D7 /* Frameworks */ = {
			isa = PBXFrameworksBuildPhase;
			buildActionMask = 2147483647;
			files = (
			);
			runOnlyForDeploymentPostprocessing = 0;
		};
/* End PBXFrameworksBuildPhase section */

/* Begin PBXGroup section */
		3C3A4D9623C3652500E493D7 = {
			isa = PBXGroup;
			children = (
				3C3A4DA123C3652500E493D7 /* Form2 */,
				3C3A4DB623C3652700E493D7 /* Form2Tests */,
				3C3A4DC123C3652700E493D7 /* Form2UITests */,
				3C3A4DA023C3652500E493D7 /* Products */,
			);
			sourceTree = "<group>";
		};
		3C3A4DA023C3652500E493D7 /* Products */ = {
			isa = PBXGroup;
			children = (
				3C3A4D9F23C3652500E493D7 /* Form2.app */,
				3C3A4DB323C3652700E493D7 /* Form2Tests.xctest */,
				3C3A4DBE23C3652700E493D7 /* Form2UITests.xctest */,
			);
			name = Products;
			sourceTree = "<group>";
		};
		3C3A4DA123C3652500E493D7 /* Form2 */ = {
			isa = PBXGroup;
			children = (
				3C3A4DA223C3652500E493D7 /* AppDelegate.swift */,
				3C3A4DA423C3652500E493D7 /* ViewController.swift */,
				3C3A4DA623C3652500E493D7 /* Main.storyboard */,
				3C3A4DA923C3652700E493D7 /* Assets.xcassets */,
				3C3A4DAB23C3652700E493D7 /* LaunchScreen.storyboard */,
				3C3A4DAE23C3652700E493D7 /* Info.plist */,
			);
			path = Form2;
			sourceTree = "<group>";
		};
		3C3A4DB623C3652700E493D7 /* Form2Tests */ = {
			isa = PBXGroup;
			children = (
				3C3A4DB723C3652700E493D7 /* Form2Tests.swift */,
				3C3A4DB923C3652700E493D7 /* Info.plist */,
			);
			path = Form2Tests;
			sourceTree = "<group>";
		};
		3C3A4DC123C3652700E493D7 /* Form2UITests */ = {
			isa = PBXGroup;
			children = (
				3C3A4DC223C3652700E493D7 /* Form2UITests.swift */,
				3C3A4DC423C3652700E493D7 /* Info.plist */,
			);
			path = Form2UITests;
			sourceTree = "<group>";
		};
/* End PBXGroup section */

/* Begin PBXNativeTarget section */
		3C3A4D9E23C3652500E493D7 /* Form2 */ = {
			isa = PBXNativeTarget;
			buildConfigurationList = 3C3A4DC723C3652700E493D7 /* Build configuration list for PBXNativeTarget "Form2" */;
			buildPhases = (
				3C3A4D9B23C3652500E493D7 /* Sources */,
				3C3A4D9C23C3652500E493D7 /* Frameworks */,
				3C3A4D9D23C3652500E493D7 /* Resources */,
			);
			buildRules = (
			);
			dependencies = (
			);
			name = Form2;
			productName = Form2;
			productReference = 3C3A4D9F23C3652500E493D7 /* Form2.app */;
			productType = "com.apple.product-type.application";
		};
		3C3A4DB223C3652700E493D7 /* Form2Tests */ = {
			isa = PBXNativeTarget;
			buildConfigurationList = 3C3A4DCA23C3652700E493D7 /* Build configuration list for PBXNativeTarget "Form2Tests" */;
			buildPhases = (
				3C3A4DAF23C3652700E493D7 /* Sources */,
				3C3A4DB023C3652700E493D7 /* Frameworks */,
				3C3A4DB123C3652700E493D7 /* Resources */,
			);
			buildRules = (
			);
			dependencies = (
				3C3A4DB523C3652700E493D7 /* PBXTargetDependency */,
			);
			name = Form2Tests;
			productName = Form2Tests;
			productReference = 3C3A4DB323C3652700E493D7 /* Form2Tests.xctest */;
			productType = "com.apple.product-type.bundle.unit-test";
		};
		3C3A4DBD23C3652700E493D7 /* Form2UITests */ = {
			isa = PBXNativeTarget;
			buildConfigurationList = 3C3A4DCD23C3652700E493D7 /* Build configuration list for PBXNativeTarget "Form2UITests" */;
			buildPhases = (
				3C3A4DBA23C3652700E493D7 /* Sources */,
				3C3A4DBB23C3652700E493D7 /* Frameworks */,
				3C3A4DBC23C3652700E493D7 /* Resources */,
			);
			buildRules = (
			);
			dependencies = (
				3C3A4DC023C3652700E493D7 /* PBXTargetDependency */,
			);
			name = Form2UITests;
			productName = Form2UITests;
			productReference = 3C3A4DBE23C3652700E493D7 /* Form2UITests.xctest */;
			productType = "com.apple.product-type.bundle.ui-testing";
		};
/* End PBXNativeTarget section */

/* Begin PBXProject section */
		3C3A4D9723C3652500E493D7 /* Project object */ = {
			isa = PBXProject;
			attributes = {
				LastSwiftUpdateCheck = 1030;
				LastUpgradeCheck = 1030;
				ORGANIZATIONNAME = Anjalee;
				TargetAttributes = {
					3C3A4D9E23C3652500E493D7 = {
						CreatedOnToolsVersion = 10.3;
					};
					3C3A4DB223C3652700E493D7 = {
						CreatedOnToolsVersion = 10.3;
						TestTargetID = 3C3A4D9E23C3652500E493D7;
					};
					3C3A4DBD23C3652700E493D7 = {
						CreatedOnToolsVersion = 10.3;
						TestTargetID = 3C3A4D9E23C3652500E493D7;
					};
				};
			};
			buildConfigurationList = 3C3A4D9A23C3652500E493D7 /* Build configuration list for PBXProject "Form2" */;
			compatibilityVersion = "Xcode 9.3";
			developmentRegion = en;
			hasScannedForEncodings = 0;
			knownRegions = (
				en,
				Base,
			);
			mainGroup = 3C3A4D9623C3652500E493D7;
			productRefGroup = 3C3A4DA023C3652500E493D7 /* Products */;
			projectDirPath = "";
			projectRoot = "";
			targets = (
				3C3A4D9E23C3652500E493D7 /* Form2 */,
				3C3A4DB223C3652700E493D7 /* Form2Tests */,
				3C3A4DBD23C3652700E493D7 /* Form2UITests */,
			);
		};
/* End PBXProject section */

/* Begin PBXResourcesBuildPhase section */
		3C3A4D9D23C3652500E493D7 /* Resources */ = {
			isa = PBXResourcesBuildPhase;
			buildActionMask = 2147483647;
			files = (
				3C3A4DAD23C3652700E493D7 /* LaunchScreen.storyboard in Resources */,
				3C3A4DAA23C3652700E493D7 /* Assets.xcassets in Resources */,
				3C3A4DA823C3652500E493D7 /* Main.storyboard in Resources */,
			);
			runOnlyForDeploymentPostprocessing = 0;
		};
		3C3A4DB123C3652700E493D7 /* Resources */ = {
			isa = PBXResourcesBuildPhase;
			buildActionMask = 2147483647;
			files = (
			);
			runOnlyForDeploymentPostprocessing = 0;
		};
		3C3A4DBC23C3652700E493D7 /* Resources */ = {
			isa = PBXResourcesBuildPhase;
			buildActionMask = 2147483647;
			files = (
			);
			runOnlyForDeploymentPostprocessing = 0;
		};
/* End PBXResourcesBuildPhase section */

/* Begin PBXSourcesBuildPhase section */
		3C3A4D9B23C3652500E493D7 /* Sources */ = {
			isa = PBXSourcesBuildPhase;
			buildActionMask = 2147483647;
			files = (
				3C3A4DA523C3652500E493D7 /* ViewController.swift in Sources */,
				3C3A4DA323C3652500E493D7 /* AppDelegate.swift in Sources */,
			);
			runOnlyForDeploymentPostprocessing = 0;
		};
		3C3A4DAF23C3652700E493D7 /* Sources */ = {
			isa = PBXSourcesBuildPhase;
			buildActionMask = 2147483647;
			files = (
				3C3A4DB823C3652700E493D7 /* Form2Tests.swift in Sources */,
			);
			runOnlyForDeploymentPostprocessing = 0;
		};
		3C3A4DBA23C3652700E493D7 /* Sources */ = {
			isa = PBXSourcesBuildPhase;
			buildActionMask = 2147483647;
			files = (
				3C3A4DC323C3652700E493D7 /* Form2UITests.swift in Sources */,
			);
			runOnlyForDeploymentPostprocessing = 0;
		};
/* End PBXSourcesBuildPhase section */

/* Begin PBXTargetDependency section */
		3C3A4DB523C3652700E493D7 /* PBXTargetDependency */ = {
			isa = PBXTargetDependency;
			target = 3C3A4D9E23C3652500E493D7 /* Form2 */;
			targetProxy = 3C3A4DB423C3652700E493D7 /* PBXContainerItemProxy */;
		};
		3C3A4DC023C3652700E493D7 /* PBXTargetDependency */ = {
			isa = PBXTargetDependency;
			target = 3C3A4D9E23C3652500E493D7 /* Form2 */;
			targetProxy = 3C3A4DBF23C3652700E493D7 /* PBXContainerItemProxy */;
		};
/* End PBXTargetDependency section */

/* Begin PBXVariantGroup section */
		3C3A4DA623C3652500E493D7 /* Main.storyboard */ = {
			isa = PBXVariantGroup;
			children = (
				3C3A4DA723C3652500E493D7 /* Base */,
			);
			name = Main.storyboard;
			sourceTree = "<group>";
		};
		3C3A4DAB23C3652700E493D7 /* LaunchScreen.storyboard */ = {
			isa = PBXVariantGroup;
			children = (
				3C3A4DAC23C3652700E493D7 /* Base */,
			);
			name = LaunchScreen.storyboard;
			sourceTree = "<group>";
		};
/* End PBXVariantGroup section */

/* Begin XCBuildConfiguration section */
		3C3A4DC523C3652700E493D7 /* Debug */ = {
			isa = XCBuildConfiguration;
			buildSettings = {
				ALWAYS_SEARCH_USER_PATHS = NO;
				CLANG_ANALYZER_NONNULL = YES;
				CLANG_ANALYZER_NUMBER_OBJECT_CONVERSION = YES_AGGRESSIVE;
				CLANG_CXX_LANGUAGE_STANDARD = "gnu++14";
				CLANG_CXX_LIBRARY = "libc++";
				CLANG_ENABLE_MODULES = YES;
				CLANG_ENABLE_OBJC_ARC = YES;
				CLANG_ENABLE_OBJC_WEAK = YES;
				CLANG_WARN_BLOCK_CAPTURE_AUTORELEASING = YES;
				CLANG_WARN_BOOL_CONVERSION = YES;
				CLANG_WARN_COMMA = YES;
				CLANG_WARN_CONSTANT_CONVERSION = YES;
				CLANG_WARN_DEPRECATED_OBJC_IMPLEMENTATIONS = YES;
				CLANG_WARN_DIRECT_OBJC_ISA_USAGE = YES_ERROR;
				CLANG_WARN_DOCUMENTATION_COMMENTS = YES;
				CLANG_WARN_EMPTY_BODY = YES;
				CLANG_WARN_ENUM_CONVERSION = YES;
				CLANG_WARN_INFINITE_RECURSION = YES;
				CLANG_WARN_INT_CONVERSION = YES;
				CLANG_WARN_NON_LITERAL_NULL_CONVERSION = YES;
				CLANG_WARN_OBJC_IMPLICIT_RETAIN_SELF = YES;
				CLANG_WARN_OBJC_LITERAL_CONVERSION = YES;
				CLANG_WARN_OBJC_ROOT_CLASS = YES_ERROR;
				CLANG_WARN_RANGE_LOOP_ANALYSIS = YES;
				CLANG_WARN_STRICT_PROTOTYPES = YES;
				CLANG_WARN_SUSPICIOUS_MOVE = YES;
				CLANG_WARN_UNGUARDED_AVAILABILITY = YES_AGGRESSIVE;
				CLANG_WARN_UNREACHABLE_CODE = YES;
				CLANG_WARN__DUPLICATE_METHOD_MATCH = YES;
				CODE_SIGN_IDENTITY = "iPhone Developer";
				COPY_PHASE_STRIP = NO;
				DEBUG_INFORMATION_FORMAT = dwarf;
				ENABLE_STRICT_OBJC_MSGSEND = YES;
				ENABLE_TESTABILITY = YES;
				GCC_C_LANGUAGE_STANDARD = gnu11;
				GCC_DYNAMIC_NO_PIC = NO;
				GCC_NO_COMMON_BLOCKS = YES;
				GCC_OPTIMIZATION_LEVEL = 0;
				GCC_PREPROCESSOR_DEFINITIONS = (
					"DEBUG=1",
					"$(inherited)",
				);
				GCC_WARN_64_TO_32_BIT_CONVERSION = YES;
				GCC_WARN_ABOUT_RETURN_TYPE = YES_ERROR;
				GCC_WARN_UNDECLARED_SELECTOR = YES;
				GCC_WARN_UNINITIALIZED_AUTOS = YES_AGGRESSIVE;
				GCC_WARN_UNUSED_FUNCTION = YES;
				GCC_WARN_UNUSED_VARIABLE = YES;
				IPHONEOS_DEPLOYMENT_TARGET = 12.4;
				MTL_ENABLE_DEBUG_INFO = INCLUDE_SOURCE;
				MTL_FAST_MATH = YES;
				ONLY_ACTIVE_ARCH = YES;
				SDKROOT = iphoneos;
				SWIFT_ACTIVE_COMPILATION_CONDITIONS = DEBUG;
				SWIFT_OPTIMIZATION_LEVEL = "-Onone";
			};
			name = Debug;
		};
		3C3A4DC623C3652700E493D7 /* Release */ = {
			isa = XCBuildConfiguration;
			buildSettings = {
				ALWAYS_SEARCH_USER_PATHS = NO;
				CLANG_ANALYZER_NONNULL = YES;
				CLANG_ANALYZER_NUMBER_OBJECT_CONVERSION = YES_AGGRESSIVE;
				CLANG_CXX_LANGUAGE_STANDARD = "gnu++14";
				CLANG_CXX_LIBRARY = "libc++";
				CLANG_ENABLE_MODULES = YES;
				CLANG_ENABLE_OBJC_ARC = YES;
				CLANG_ENABLE_OBJC_WEAK = YES;
				CLANG_WARN_BLOCK_CAPTURE_AUTORELEASING = YES;
				CLANG_WARN_BOOL_CONVERSION = YES;
				CLANG_WARN_COMMA = YES;
				CLANG_WARN_CONSTANT_CONVERSION = YES;
				CLANG_WARN_DEPRECATED_OBJC_IMPLEMENTATIONS = YES;
				CLANG_WARN_DIRECT_OBJC_ISA_USAGE = YES_ERROR;
				CLANG_WARN_DOCUMENTATION_COMMENTS = YES;
				CLANG_WARN_EMPTY_BODY = YES;
				CLANG_WARN_ENUM_CONVERSION = YES;
				CLANG_WARN_INFINITE_RECURSION = YES;
				CLANG_WARN_INT_CONVERSION = YES;
				CLANG_WARN_NON_LITERAL_NULL_CONVERSION = YES;
				CLANG_WARN_OBJC_IMPLICIT_RETAIN_SELF = YES;
				CLANG_WARN_OBJC_LITERAL_CONVERSION = YES;
				CLANG_WARN_OBJC_ROOT_CLASS = YES_ERROR;
				CLANG_WARN_RANGE_LOOP_ANALYSIS = YES;
				CLANG_WARN_STRICT_PROTOTYPES = YES;
				CLANG_WARN_SUSPICIOUS_MOVE = YES;
				CLANG_WARN_UNGUARDED_AVAILABILITY = YES_AGGRESSIVE;
				CLANG_WARN_UNREACHABLE_CODE = YES;
				CLANG_WARN__DUPLICATE_METHOD_MATCH = YES;
				CODE_SIGN_IDENTITY = "iPhone Developer";
				COPY_PHASE_STRIP = NO;
				DEBUG_INFORMATION_FORMAT = "dwarf-with-dsym";
				ENABLE_NS_ASSERTIONS = NO;
				ENABLE_STRICT_OBJC_MSGSEND = YES;
				GCC_C_LANGUAGE_STANDARD = gnu11;
				GCC_NO_COMMON_BLOCKS = YES;
				GCC_WARN_64_TO_32_BIT_CONVERSION = YES;
				GCC_WARN_ABOUT_RETURN_TYPE = YES_ERROR;
				GCC_WARN_UNDECLARED_SELECTOR = YES;
				GCC_WARN_UNINITIALIZED_AUTOS = YES_AGGRESSIVE;
				GCC_WARN_UNUSED_FUNCTION = YES;
				GCC_WARN_UNUSED_VARIABLE = YES;
				IPHONEOS_DEPLOYMENT_TARGET = 12.4;
				MTL_ENABLE_DEBUG_INFO = NO;
				MTL_FAST_MATH = YES;
				SDKROOT = iphoneos;
				SWIFT_COMPILATION_MODE = wholemodule;
				SWIFT_OPTIMIZATION_LEVEL = "-O";
				VALIDATE_PRODUCT = YES;
			};
			name = Release;
		};
		3C3A4DC823C3652700E493D7 /* Debug */ = {
			isa = XCBuildConfiguration;
			buildSettings = {
				ASSETCATALOG_COMPILER_APPICON_NAME = AppIcon;
				CODE_SIGN_STYLE = Automatic;
				INFOPLIST_FILE = Form2/Info.plist;
				LD_RUNPATH_SEARCH_PATHS = (
					"$(inherited)",
					"@executable_path/Frameworks",
				);
				PRODUCT_BUNDLE_IDENTIFIER = NIBM.Form2;
				PRODUCT_NAME = "$(TARGET_NAME)";
				SWIFT_VERSION = 5.0;
				TARGETED_DEVICE_FAMILY = "1,2";
			};
			name = Debug;
		};
		3C3A4DC923C3652700E493D7 /* Release */ = {
			isa = XCBuildConfiguration;
			buildSettings = {
				ASSETCATALOG_COMPILER_APPICON_NAME = AppIcon;
				CODE_SIGN_STYLE = Automatic;
				INFOPLIST_FILE = Form2/Info.plist;
				LD_RUNPATH_SEARCH_PATHS = (
					"$(inherited)",
					"@executable_path/Frameworks",
				);
				PRODUCT_BUNDLE_IDENTIFIER = NIBM.Form2;
				PRODUCT_NAME = "$(TARGET_NAME)";
				SWIFT_VERSION = 5.0;
				TARGETED_DEVICE_FAMILY = "1,2";
			};
			name = Release;
		};
		3C3A4DCB23C3652700E493D7 /* Debug */ = {
			isa = XCBuildConfiguration;
			buildSettings = {
				ALWAYS_EMBED_SWIFT_STANDARD_LIBRARIES = YES;
				BUNDLE_LOADER = "$(TEST_HOST)";
				CODE_SIGN_STYLE = Automatic;
				INFOPLIST_FILE = Form2Tests/Info.plist;
				LD_RUNPATH_SEARCH_PATHS = (
					"$(inherited)",
					"@executable_path/Frameworks",
					"@loader_path/Frameworks",
				);
				PRODUCT_BUNDLE_IDENTIFIER = NIBM.Form2Tests;
				PRODUCT_NAME = "$(TARGET_NAME)";
				SWIFT_VERSION = 5.0;
				TARGETED_DEVICE_FAMILY = "1,2";
				TEST_HOST = "$(BUILT_PRODUCTS_DIR)/Form2.app/Form2";
			};
			name = Debug;
		};
		3C3A4DCC23C3652700E493D7 /* Release */ = {
			isa = XCBuildConfiguration;
			buildSettings = {
				ALWAYS_EMBED_SWIFT_STANDARD_LIBRARIES = YES;
				BUNDLE_LOADER = "$(TEST_HOST)";
				CODE_SIGN_STYLE = Automatic;
				INFOPLIST_FILE = Form2Tests/Info.plist;
				LD_RUNPATH_SEARCH_PATHS = (
					"$(inherited)",
					"@executable_path/Frameworks",
					"@loader_path/Frameworks",
				);
				PRODUCT_BUNDLE_IDENTIFIER = NIBM.Form2Tests;
				PRODUCT_NAME = "$(TARGET_NAME)";
				SWIFT_VERSION = 5.0;
				TARGETED_DEVICE_FAMILY = "1,2";
				TEST_HOST = "$(BUILT_PRODUCTS_DIR)/Form2.app/Form2";
			};
			name = Release;
		};
		3C3A4DCE23C3652700E493D7 /* Debug */ = {
			isa = XCBuildConfiguration;
			buildSettings = {
				ALWAYS_EMBED_SWIFT_STANDARD_LIBRARIES = YES;
				CODE_SIGN_STYLE = Automatic;
				INFOPLIST_FILE = Form2UITests/Info.plist;
				LD_RUNPATH_SEARCH_PATHS = (
					"$(inherited)",
					"@executable_path/Frameworks",
					"@loader_path/Frameworks",
				);
				PRODUCT_BUNDLE_IDENTIFIER = NIBM.Form2UITests;
				PRODUCT_NAME = "$(TARGET_NAME)";
				SWIFT_VERSION = 5.0;
				TARGETED_DEVICE_FAMILY = "1,2";
				TEST_TARGET_NAME = Form2;
			};
			name = Debug;
		};
		3C3A4DCF23C3652700E493D7 /* Release */ = {
			isa = XCBuildConfiguration;
			buildSettings = {
				ALWAYS_EMBED_SWIFT_STANDARD_LIBRARIES = YES;
				CODE_SIGN_STYLE = Automatic;
				INFOPLIST_FILE = Form2UITests/Info.plist;
				LD_RUNPATH_SEARCH_PATHS = (
					"$(inherited)",
					"@executable_path/Frameworks",
					"@loader_path/Frameworks",
				);
				PRODUCT_BUNDLE_IDENTIFIER = NIBM.Form2UITests;
				PRODUCT_NAME = "$(TARGET_NAME)";
				SWIFT_VERSION = 5.0;
				TARGETED_DEVICE_FAMILY = "1,2";
				TEST_TARGET_NAME = Form2;
			};
			name = Release;
		};
/* End XCBuildConfiguration section */

/* Begin XCConfigurationList section */
		3C3A4D9A23C3652500E493D7 /* Build configuration list for PBXProject "Form2" */ = {
			isa = XCConfigurationList;
			buildConfigurations = (
				3C3A4DC523C3652700E493D7 /* Debug */,
				3C3A4DC623C3652700E493D7 /* Release */,
			);
			defaultConfigurationIsVisible = 0;
			defaultConfigurationName = Release;
		};
		3C3A4DC723C3652700E493D7 /* Build configuration list for PBXNativeTarget "Form2" */ = {
			isa = XCConfigurationList;
			buildConfigurations = (
				3C3A4DC823C3652700E493D7 /* Debug */,
				3C3A4DC923C3652700E493D7 /* Release */,
			);
			defaultConfigurationIsVisible = 0;
			defaultConfigurationName = Release;
		};
		3C3A4DCA23C3652700E493D7 /* Build configuration list for PBXNativeTarget "Form2Tests" */ = {
			isa = XCConfigurationList;
			buildConfigurations = (
				3C3A4DCB23C3652700E493D7 /* Debug */,
				3C3A4DCC23C3652700E493D7 /* Release */,
			);
			defaultConfigurationIsVisible = 0;
			defaultConfigurationName = Release;
		};
		3C3A4DCD23C3652700E493D7 /* Build configuration list for PBXNativeTarget "Form2UITests" */ = {
			isa = XCConfigurationList;
			buildConfigurations = (
				3C3A4DCE23C3652700E493D7 /* Debug */,
				3C3A4DCF23C3652700E493D7 /* Release */,
			);
			defaultConfigurationIsVisible = 0;
			defaultConfigurationName = Release;
		};
/* End XCConfigurationList section */
	};
	rootObject = 3C3A4D9723C3652500E493D7 /* Project object */;
}
